
Microsoft Visual Studio Solution File, Format Version 12.00
# Visual Studio 14
VisualStudioVersion = 14.0.24720.0
MinimumVisualStudioVersion = 10.0.40219.1
Project("{FAE04EC0-301F-11D3-BF4B-00C04F79EFBC}") = "WebSupervisor", "WebSupervisor\WebSupervisor.csproj", "{178EC8F4-54E1-48EC-A803-877F1B124C41}"
EndProject
Global
	GlobalSection(SolutionConfigurationPlatforms) = preSolution
		Debug|Any CPU = Debug|Any CPU
		Release|Any CPU = Release|Any CPU
	EndGlobalSection
	GlobalSection(ProjectConfigurationPlatforms) = postSolution
		{178EC8F4-54E1-48EC-A803-877F1B124C41}.Debug|Any CPU.ActiveCfg = Debug|Any CPU
		{178EC8F4-54E1-48EC-A803-877F1B124C41}.Debug|Any CPU.Build.0 = Debug|Any CPU
		{178EC8F4-54E1-48EC-A803-877F1B124C41}.Release|Any CPU.ActiveCfg = Release|Any CPU
		{178EC8F4-54E1-48EC-A803-877F1B124C41}.Release|Any CPU.Build.0 = Release|Any CPU
	EndGlobalSection
	GlobalSection(SolutionProperties) = preSolution
		HideSolutionNode = FALSE
	EndGlobalSection
EndGlobal
